
Microsoft Visual Studio Solution File, Format Version 12.00
# Visual Studio Version 17
VisualStudioVersion = 17.9.34714.143
MinimumVisualStudioVersion = 10.0.40219.1
Project("{9A19103F-16F7-4668-BE54-9A1E7A4F7556}") = "WalletKata", "WalletKata\WalletKata.csproj", "{CB552569-7482-4850-808D-686C4516F57A}"
EndProject
Project("{9A19103F-16F7-4668-BE54-9A1E7A4F7556}") = "Domain", "Domain\Domain.csproj", "{8A82D191-64B6-4181-BF05-719EA29D89CA}"
EndProject
Project("{9A19103F-16F7-4668-BE54-9A1E7A4F7556}") = "Infrastructure", "Infrastructure\Infrastructure.csproj", "{05B7FAA4-197D-4613-9801-ECB7BC303033}"
EndProject
Project("{9A19103F-16F7-4668-BE54-9A1E7A4F7556}") = "Application", "Application\Application.csproj", "{98F52AF0-3F05-4250-871B-50CB4B247B81}"
EndProject
Project("{2150E333-8FDC-42A3-9474-1A3956D46DE8}") = "test", "test", "{DE90ACDE-E81E-4D14-A315-BDA2D625E7DC}"
EndProject
Project("{FAE04EC0-301F-11D3-BF4B-00C04F79EFBC}") = "Application.Test", "test\Application.Test\Application.Test.csproj", "{09ED941A-E81D-464A-B507-BC712E82D52B}"
EndProject
Global
	GlobalSection(SolutionConfigurationPlatforms) = preSolution
		Debug|Any CPU = Debug|Any CPU
		Debug|ARM = Debug|ARM
		Debug|ARM64 = Debug|ARM64
		Debug|x64 = Debug|x64
		Debug|x86 = Debug|x86
		Release|Any CPU = Release|Any CPU
		Release|ARM = Release|ARM
		Release|ARM64 = Release|ARM64
		Release|x64 = Release|x64
		Release|x86 = Release|x86
	EndGlobalSection
	GlobalSection(ProjectConfigurationPlatforms) = postSolution
		{CB552569-7482-4850-808D-686C4516F57A}.Debug|Any CPU.ActiveCfg = Debug|Any CPU
		{CB552569-7482-4850-808D-686C4516F57A}.Debug|Any CPU.Build.0 = Debug|Any CPU
		{CB552569-7482-4850-808D-686C4516F57A}.Debug|ARM.ActiveCfg = Debug|Any CPU
		{CB552569-7482-4850-808D-686C4516F57A}.Debug|ARM.Build.0 = Debug|Any CPU
		{CB552569-7482-4850-808D-686C4516F57A}.Debug|ARM64.ActiveCfg = Debug|Any CPU
		{CB552569-7482-4850-808D-686C4516F57A}.Debug|ARM64.Build.0 = Debug|Any CPU
		{CB552569-7482-4850-808D-686C4516F57A}.Debug|x64.ActiveCfg = Debug|Any CPU
		{CB552569-7482-4850-808D-686C4516F57A}.Debug|x64.Build.0 = Debug|Any CPU
		{CB552569-7482-4850-808D-686C4516F57A}.Debug|x86.ActiveCfg = Debug|Any CPU
		{CB552569-7482-4850-808D-686C4516F57A}.Debug|x86.Build.0 = Debug|Any CPU
		{CB552569-7482-4850-808D-686C4516F57A}.Release|Any CPU.ActiveCfg = Release|Any CPU
		{CB552569-7482-4850-808D-686C4516F57A}.Release|Any CPU.Build.0 = Release|Any CPU
		{CB552569-7482-4850-808D-686C4516F57A}.Release|ARM.ActiveCfg = Release|Any CPU
		{CB552569-7482-4850-808D-686C4516F57A}.Release|ARM.Build.0 = Release|Any CPU
		{CB552569-7482-4850-808D-686C4516F57A}.Release|ARM64.ActiveCfg = Release|Any CPU
		{CB552569-7482-4850-808D-686C4516F57A}.Release|ARM64.Build.0 = Release|Any CPU
		{CB552569-7482-4850-808D-686C4516F57A}.Release|x64.ActiveCfg = Release|Any CPU
		{CB552569-7482-4850-808D-686C4516F57A}.Release|x64.Build.0 = Release|Any CPU
		{CB552569-7482-4850-808D-686C4516F57A}.Release|x86.ActiveCfg = Release|Any CPU
		{CB552569-7482-4850-808D-686C4516F57A}.Release|x86.Build.0 = Release|Any CPU
		{8A82D191-64B6-4181-BF05-719EA29D89CA}.Debug|Any CPU.ActiveCfg = Debug|Any CPU
		{8A82D191-64B6-4181-BF05-719EA29D89CA}.Debug|Any CPU.Build.0 = Debug|Any CPU
		{8A82D191-64B6-4181-BF05-719EA29D89CA}.Debug|ARM.ActiveCfg = Debug|Any CPU
		{8A82D191-64B6-4181-BF05-719EA29D89CA}.Debug|ARM.Build.0 = Debug|Any CPU
		{8A82D191-64B6-4181-BF05-719EA29D89CA}.Debug|ARM64.ActiveCfg = Debug|Any CPU
		{8A82D191-64B6-4181-BF05-719EA29D89CA}.Debug|ARM64.Build.0 = Debug|Any CPU
		{8A82D191-64B6-4181-BF05-719EA29D89CA}.Debug|x64.ActiveCfg = Debug|Any CPU
		{8A82D191-64B6-4181-BF05-719EA29D89CA}.Debug|x64.Build.0 = Debug|Any CPU
		{8A82D191-64B6-4181-BF05-719EA29D89CA}.Debug|x86.ActiveCfg = Debug|Any CPU
		{8A82D191-64B6-4181-BF05-719EA29D89CA}.Debug|x86.Build.0 = Debug|Any CPU
		{8A82D191-64B6-4181-BF05-719EA29D89CA}.Release|Any CPU.ActiveCfg = Release|Any CPU
		{8A82D191-64B6-4181-BF05-719EA29D89CA}.Release|Any CPU.Build.0 = Release|Any CPU
		{8A82D191-64B6-4181-BF05-719EA29D89CA}.Release|ARM.ActiveCfg = Release|Any CPU
		{8A82D191-64B6-4181-BF05-719EA29D89CA}.Release|ARM.Build.0 = Release|Any CPU
		{8A82D191-64B6-4181-BF05-719EA29D89CA}.Release|ARM64.ActiveCfg = Release|Any CPU
		{8A82D191-64B6-4181-BF05-719EA29D89CA}.Release|ARM64.Build.0 = Release|Any CPU
		{8A82D191-64B6-4181-BF05-719EA29D89CA}.Release|x64.ActiveCfg = Release|Any CPU
		{8A82D191-64B6-4181-BF05-719EA29D89CA}.Release|x64.Build.0 = Release|Any CPU
		{8A82D191-64B6-4181-BF05-719EA29D89CA}.Release|x86.ActiveCfg = Release|Any CPU
		{8A82D191-64B6-4181-BF05-719EA29D89CA}.Release|x86.Build.0 = Release|Any CPU
		{05B7FAA4-197D-4613-9801-ECB7BC303033}.Debug|Any CPU.ActiveCfg = Debug|Any CPU
		{05B7FAA4-197D-4613-9801-ECB7BC303033}.Debug|Any CPU.Build.0 = Debug|Any CPU
		{05B7FAA4-197D-4613-9801-ECB7BC303033}.Debug|ARM.ActiveCfg = Debug|Any CPU
		{05B7FAA4-197D-4613-9801-ECB7BC303033}.Debug|ARM.Build.0 = Debug|Any CPU
		{05B7FAA4-197D-4613-9801-ECB7BC303033}.Debug|ARM64.ActiveCfg = Debug|Any CPU
		{05B7FAA4-197D-4613-9801-ECB7BC303033}.Debug|ARM64.Build.0 = Debug|Any CPU
		{05B7FAA4-197D-4613-9801-ECB7BC303033}.Debug|x64.ActiveCfg = Debug|Any CPU
		{05B7FAA4-197D-4613-9801-ECB7BC303033}.Debug|x64.Build.0 = Debug|Any CPU
		{05B7FAA4-197D-4613-9801-ECB7BC303033}.Debug|x86.ActiveCfg = Debug|Any CPU
		{05B7FAA4-197D-4613-9801-ECB7BC303033}.Debug|x86.Build.0 = Debug|Any CPU
		{05B7FAA4-197D-4613-9801-ECB7BC303033}.Release|Any CPU.ActiveCfg = Release|Any CPU
		{05B7FAA4-197D-4613-9801-ECB7BC303033}.Release|Any CPU.Build.0 = Release|Any CPU
		{05B7FAA4-197D-4613-9801-ECB7BC303033}.Release|ARM.ActiveCfg = Release|Any CPU
		{05B7FAA4-197D-4613-9801-ECB7BC303033}.Release|ARM.Build.0 = Release|Any CPU
		{05B7FAA4-197D-4613-9801-ECB7BC303033}.Release|ARM64.ActiveCfg = Release|Any CPU
		{05B7FAA4-197D-4613-9801-ECB7BC303033}.Release|ARM64.Build.0 = Release|Any CPU
		{05B7FAA4-197D-4613-9801-ECB7BC303033}.Release|x64.ActiveCfg = Release|Any CPU
		{05B7FAA4-197D-4613-9801-ECB7BC303033}.Release|x64.Build.0 = Release|Any CPU
		{05B7FAA4-197D-4613-9801-ECB7BC303033}.Release|x86.ActiveCfg = Release|Any CPU
		{05B7FAA4-197D-4613-9801-ECB7BC303033}.Release|x86.Build.0 = Release|Any CPU
		{98F52AF0-3F05-4250-871B-50CB4B247B81}.Debug|Any CPU.ActiveCfg = Debug|Any CPU
		{98F52AF0-3F05-4250-871B-50CB4B247B81}.Debug|Any CPU.Build.0 = Debug|Any CPU
		{98F52AF0-3F05-4250-871B-50CB4B247B81}.Debug|ARM.ActiveCfg = Debug|Any CPU
		{98F52AF0-3F05-4250-871B-50CB4B247B81}.Debug|ARM.Build.0 = Debug|Any CPU
		{98F52AF0-3F05-4250-871B-50CB4B247B81}.Debug|ARM64.ActiveCfg = Debug|Any CPU
		{98F52AF0-3F05-4250-871B-50CB4B247B81}.Debug|ARM64.Build.0 = Debug|Any CPU
		{98F52AF0-3F05-4250-871B-50CB4B247B81}.Debug|x64.ActiveCfg = Debug|Any CPU
		{98F52AF0-3F05-4250-871B-50CB4B247B81}.Debug|x64.Build.0 = Debug|Any CPU
		{98F52AF0-3F05-4250-871B-50CB4B247B81}.Debug|x86.ActiveCfg = Debug|Any CPU
		{98F52AF0-3F05-4250-871B-50CB4B247B81}.Debug|x86.Build.0 = Debug|Any CPU
		{98F52AF0-3F05-4250-871B-50CB4B247B81}.Release|Any CPU.ActiveCfg = Release|Any CPU
		{98F52AF0-3F05-4250-871B-50CB4B247B81}.Release|Any CPU.Build.0 = Release|Any CPU
		{98F52AF0-3F05-4250-871B-50CB4B247B81}.Release|ARM.ActiveCfg = Release|Any CPU
		{98F52AF0-3F05-4250-871B-50CB4B247B81}.Release|ARM.Build.0 = Release|Any CPU
		{98F52AF0-3F05-4250-871B-50CB4B247B81}.Release|ARM64.ActiveCfg = Release|Any CPU
		{98F52AF0-3F05-4250-871B-50CB4B247B81}.Release|ARM64.Build.0 = Release|Any CPU
		{98F52AF0-3F05-4250-871B-50CB4B247B81}.Release|x64.ActiveCfg = Release|Any CPU
		{98F52AF0-3F05-4250-871B-50CB4B247B81}.Release|x64.Build.0 = Release|Any CPU
		{98F52AF0-3F05-4250-871B-50CB4B247B81}.Release|x86.ActiveCfg = Release|Any CPU
		{98F52AF0-3F05-4250-871B-50CB4B247B81}.Release|x86.Build.0 = Release|Any CPU
		{09ED941A-E81D-464A-B507-BC712E82D52B}.Debug|Any CPU.ActiveCfg = Debug|Any CPU
		{09ED941A-E81D-464A-B507-BC712E82D52B}.Debug|Any CPU.Build.0 = Debug|Any CPU
		{09ED941A-E81D-464A-B507-BC712E82D52B}.Debug|ARM.ActiveCfg = Debug|Any CPU
		{09ED941A-E81D-464A-B507-BC712E82D52B}.Debug|ARM.Build.0 = Debug|Any CPU
		{09ED941A-E81D-464A-B507-BC712E82D52B}.Debug|ARM64.ActiveCfg = Debug|Any CPU
		{09ED941A-E81D-464A-B507-BC712E82D52B}.Debug|ARM64.Build.0 = Debug|Any CPU
		{09ED941A-E81D-464A-B507-BC712E82D52B}.Debug|x64.ActiveCfg = Debug|Any CPU
		{09ED941A-E81D-464A-B507-BC712E82D52B}.Debug|x64.Build.0 = Debug|Any CPU
		{09ED941A-E81D-464A-B507-BC712E82D52B}.Debug|x86.ActiveCfg = Debug|Any CPU
		{09ED941A-E81D-464A-B507-BC712E82D52B}.Debug|x86.Build.0 = Debug|Any CPU
		{09ED941A-E81D-464A-B507-BC712E82D52B}.Release|Any CPU.ActiveCfg = Release|Any CPU
		{09ED941A-E81D-464A-B507-BC712E82D52B}.Release|Any CPU.Build.0 = Release|Any CPU
		{09ED941A-E81D-464A-B507-BC712E82D52B}.Release|ARM.ActiveCfg = Release|Any CPU
		{09ED941A-E81D-464A-B507-BC712E82D52B}.Release|ARM.Build.0 = Release|Any CPU
		{09ED941A-E81D-464A-B507-BC712E82D52B}.Release|ARM64.ActiveCfg = Release|Any CPU
		{09ED941A-E81D-464A-B507-BC712E82D52B}.Release|ARM64.Build.0 = Release|Any CPU
		{09ED941A-E81D-464A-B507-BC712E82D52B}.Release|x64.ActiveCfg = Release|Any CPU
		{09ED941A-E81D-464A-B507-BC712E82D52B}.Release|x64.Build.0 = Release|Any CPU
		{09ED941A-E81D-464A-B507-BC712E82D52B}.Release|x86.ActiveCfg = Release|Any CPU
		{09ED941A-E81D-464A-B507-BC712E82D52B}.Release|x86.Build.0 = Release|Any CPU
	EndGlobalSection
	GlobalSection(SolutionProperties) = preSolution
		HideSolutionNode = FALSE
	EndGlobalSection
	GlobalSection(NestedProjects) = preSolution
		{09ED941A-E81D-464A-B507-BC712E82D52B} = {DE90ACDE-E81E-4D14-A315-BDA2D625E7DC}
	EndGlobalSection
	GlobalSection(ExtensibilityGlobals) = postSolution
		SolutionGuid = {E55592A7-26C7-4607-8B87-D87AF871FA3C}
	EndGlobalSection
EndGlobal
